
Microsoft Visual Studio Solution File, Format Version 12.00
# Visual Studio Version 17
VisualStudioVersion = 17.3.32901.215
MinimumVisualStudioVersion = 10.0.40219.1
Project("{FAE04EC0-301F-11D3-BF4B-00C04F79EFBC}") = "Midterm Assignment", "Midterm Assignment.csproj", "{DCC12FAE-C302-48E7-B448-CD48EC595919}"
EndProject
Global
	GlobalSection(SolutionConfigurationPlatforms) = preSolution
		Debug|Any CPU = Debug|Any CPU
		Release|Any CPU = Release|Any CPU
	EndGlobalSection
	GlobalSection(ProjectConfigurationPlatforms) = postSolution
		{DCC12FAE-C302-48E7-B448-CD48EC595919}.Debug|Any CPU.ActiveCfg = Debug|Any CPU
		{DCC12FAE-C302-48E7-B448-CD48EC595919}.Debug|Any CPU.Build.0 = Debug|Any CPU
		{DCC12FAE-C302-48E7-B448-CD48EC595919}.Release|Any CPU.ActiveCfg = Release|Any CPU
		{DCC12FAE-C302-48E7-B448-CD48EC595919}.Release|Any CPU.Build.0 = Release|Any CPU
	EndGlobalSection
	GlobalSection(SolutionProperties) = preSolution
		HideSolutionNode = FALSE
	EndGlobalSection
	GlobalSection(ExtensibilityGlobals) = postSolution
		SolutionGuid = {BC5AFD10-99B7-4380-AE6D-B73470F47F6E}
	EndGlobalSection
EndGlobal
